
Microsoft Visual Studio Solution File, Format Version 12.00
# Visual Studio Version 17
VisualStudioVersion = 17.4.33103.184
MinimumVisualStudioVersion = 10.0.40219.1
Project("{FAE04EC0-301F-11D3-BF4B-00C04F79EFBC}") = "MallconomyCase", "MallconomyCase\MallconomyCase.csproj", "{CDB173BB-D6EB-4331-8FB6-273A78AB759F}"
EndProject
Global
	GlobalSection(SolutionConfigurationPlatforms) = preSolution
		Debug|Any CPU = Debug|Any CPU
		Release|Any CPU = Release|Any CPU
	EndGlobalSection
	GlobalSection(ProjectConfigurationPlatforms) = postSolution
		{CDB173BB-D6EB-4331-8FB6-273A78AB759F}.Debug|Any CPU.ActiveCfg = Debug|Any CPU
		{CDB173BB-D6EB-4331-8FB6-273A78AB759F}.Debug|Any CPU.Build.0 = Debug|Any CPU
		{CDB173BB-D6EB-4331-8FB6-273A78AB759F}.Release|Any CPU.ActiveCfg = Release|Any CPU
		{CDB173BB-D6EB-4331-8FB6-273A78AB759F}.Release|Any CPU.Build.0 = Release|Any CPU
	EndGlobalSection
	GlobalSection(SolutionProperties) = preSolution
		HideSolutionNode = FALSE
	EndGlobalSection
	GlobalSection(ExtensibilityGlobals) = postSolution
		SolutionGuid = {ACCC63BA-DDEB-4C6E-8C58-4DCDE591F7F2}
	EndGlobalSection
EndGlobal
